
Microsoft Visual Studio Solution File, Format Version 12.00
# Visual Studio Version 17
VisualStudioVersion = 17.0.31903.59
MinimumVisualStudioVersion = 10.0.40219.1
Project("{2150E333-8FDC-42A3-9474-1A3956D46DE8}") = "src", "src", "{4085596C-4B33-4080-A5E3-935F810FD421}"
EndProject
Project("{FAE04EC0-301F-11D3-BF4B-00C04F79EFBC}") = "rpgAPI", "src\rpgAPI\rpgAPI.csproj", "{FF9DBEEA-7D70-4325-8488-C4CA1F9FD6A9}"
EndProject
Project("{2150E333-8FDC-42A3-9474-1A3956D46DE8}") = "tests", "tests", "{A85B552C-1023-4CDE-81CC-343AB1E08D6B}"
EndProject
Project("{FAE04EC0-301F-11D3-BF4B-00C04F79EFBC}") = "rpgAPITest", "tests\rpgAPITest\rpgAPITest.csproj", "{F25F5FA6-2DAF-4DAC-BF0A-08D867C96332}"
EndProject
Global
	GlobalSection(SolutionConfigurationPlatforms) = preSolution
		Debug|Any CPU = Debug|Any CPU
		Release|Any CPU = Release|Any CPU
	EndGlobalSection
	GlobalSection(SolutionProperties) = preSolution
		HideSolutionNode = FALSE
	EndGlobalSection
	GlobalSection(ProjectConfigurationPlatforms) = postSolution
		{FF9DBEEA-7D70-4325-8488-C4CA1F9FD6A9}.Debug|Any CPU.ActiveCfg = Debug|Any CPU
		{FF9DBEEA-7D70-4325-8488-C4CA1F9FD6A9}.Debug|Any CPU.Build.0 = Debug|Any CPU
		{FF9DBEEA-7D70-4325-8488-C4CA1F9FD6A9}.Release|Any CPU.ActiveCfg = Release|Any CPU
		{FF9DBEEA-7D70-4325-8488-C4CA1F9FD6A9}.Release|Any CPU.Build.0 = Release|Any CPU
		{F25F5FA6-2DAF-4DAC-BF0A-08D867C96332}.Debug|Any CPU.ActiveCfg = Debug|Any CPU
		{F25F5FA6-2DAF-4DAC-BF0A-08D867C96332}.Debug|Any CPU.Build.0 = Debug|Any CPU
		{F25F5FA6-2DAF-4DAC-BF0A-08D867C96332}.Release|Any CPU.ActiveCfg = Release|Any CPU
		{F25F5FA6-2DAF-4DAC-BF0A-08D867C96332}.Release|Any CPU.Build.0 = Release|Any CPU
	EndGlobalSection
	GlobalSection(NestedProjects) = preSolution
		{FF9DBEEA-7D70-4325-8488-C4CA1F9FD6A9} = {4085596C-4B33-4080-A5E3-935F810FD421}
		{F25F5FA6-2DAF-4DAC-BF0A-08D867C96332} = {A85B552C-1023-4CDE-81CC-343AB1E08D6B}
	EndGlobalSection
EndGlobal
